github.com/SmartEnergyPlatform/amqp-wrapper-lib v0.0.0-20181018071408-32e07d9d89bb h1:wkigEsq8SRUzIbsA5gAWhZ7a1CECn1vnhpElcoA6evE=
github.com/SmartEnergyPlatform/amqp-wrapper-lib v0.0.0-20181018071408-32e07d9d89bb/go.mod h1:X1U6gbRInWfBsFKgb/owoLNZp2NSx6vLnUPbw6bjEN4=
github.com/dgrijalva/jwt-go v3.2.0+incompatible/go.mod h1:E3ru+11k8xSBh+hMPgOLZmtrrCbhqsmaPHjLKYnJCaQ=
github.com/influxdata/influxdb v1.5.2 h1:8aMxqeraY0u+2KCbuyv0F8AJolFZnrEUJaJEhavAr/4=
github.com/influxdata/influxdb v1.5.2/go.mod h1:qZna6X/4elxqT3yI9iZYdZrWWdeFOOprn86kgg4+IzY=
github.com/streadway/amqp v0.0.0-20180315184602-8e4aba63da9f h1:q//3aFQhyA8sBywUCO9DlDoFZFitzVhnght/YhKrQ6s=
github.com/streadway/amqp v0.0.0-20180315184602-8e4aba63da9f/go.mod h1:1WNBiOZtZQLpVAyu0iTduoJL9hEsMloAK5XWrtW0xdY=
gopkg.in/mgo.v2 v2.0.0-20160818020120-3f83fa500528 h1:/saqWwm73dLmuzbNhe92F0QsZ/KiFND+esHco2v1hiY=
gopkg.in/mgo.v2 v2.0.0-20160818020120-3f83fa500528/go.mod h1:yeKp02qBN3iKW1OzL3MGk2IdtZzaj7SFntXj72NppTA=
